{
    "_meta": {
        "hash": {
            "sha256": "33e00d8b2b2ab4f0ae8325d6a84a6f69cea302f3065e00734dd5167e2977c376"
        },
        "pipfile-spec": 6,
        "requires": {},
        "sources": [
            {
                "name": "pypi",
                "url": "https://pypi.org/simple",
                "verify_ssl": true
            }
        ]
    },
    "default": {
        "sphinx-csharp": {
            "git": "https://github.com/rogerbarton/sphinx-csharp.git",
            "ref": "master"
        }
    },
    "develop": {
        "doc8": {
            "hashes": [
                "sha256:9187da8c9f115254bbe34f74e2bbbdd3eaa1b9e92efd19ccac7461e347b5055c",
                "sha256:c35a231f88f15c204659154ed3d499fa4d402d7e63d41cba7b54cf5e646123ab"
            ],
            "index": "pypi",
            "version": "==0.11.2"
        },
        "docutils": {
            "hashes": [
                "sha256:23010f129180089fbcd3bc08cfefccb3b890b0050e1ca00c867036e9d161b98c",
                "sha256:679987caf361a7539d76e584cbeddc311e3aee937877c87346f31debc63e9d06"
            ],
            "markers": "python_version >= '2.7' and python_version not in '3.0, 3.1, 3.2, 3.3, 3.4'",
            "version": "==0.18.1"
        },
        "pbr": {
            "hashes": [
                "sha256:e547125940bcc052856ded43be8e101f63828c2d94239ffbe2b327ba3d5ccf0a",
                "sha256:e8dca2f4b43560edef58813969f52a56cef023146cbb8931626db80e6c1c4308"
            ],
            "markers": "python_version >= '2.6'",
            "version": "==5.9.0"
        },
        "pygments": {
            "hashes": [
                "sha256:5eb116118f9612ff1ee89ac96437bb6b49e8f04d8a13b514ba26f620208e26eb",
                "sha256:dc9c10fb40944260f6ed4c688ece0cd2048414940f1cea51b8b226318411c519"
            ],
            "markers": "python_version >= '3.6'",
            "version": "==2.12.0"
        },
        "restructuredtext-lint": {
            "hashes": [
                "sha256:1b235c0c922341ab6c530390892eb9e92f90b9b75046063e047cacfb0f050c45"
            ],
            "version": "==1.4.0"
        },
        "stevedore": {
            "hashes": [
                "sha256:a547de73308fd7e90075bb4d301405bebf705292fa90a90fc3bcf9133f58616c",
                "sha256:f40253887d8712eaa2bb0ea3830374416736dc8ec0e22f5a65092c1174c44335"
            ],
            "markers": "python_version >= '3.6'",
            "version": "==3.5.0"
        }
    }
}
